
Microsoft Visual Studio Solution File, Format Version 12.00
# Visual Studio Version 16
VisualStudioVersion = 16.0.31624.102
MinimumVisualStudioVersion = 10.0.40219.1
Project("{9A19103F-16F7-4668-BE54-9A1E7A4F7556}") = "webapp2", "webapp2\webapp2.csproj", "{53615B94-9866-4148-8060-6889EA44356E}"
EndProject
Project("{FAE04EC0-301F-11D3-BF4B-00C04F79EFBC}") = "WebAppTest", "WebAppTest\WebAppTest.csproj", "{82AF8275-3799-4407-8DF6-742A29BB308F}"
EndProject
Global
	GlobalSection(SolutionConfigurationPlatforms) = preSolution
		Debug|Any CPU = Debug|Any CPU
		Release|Any CPU = Release|Any CPU
	EndGlobalSection
	GlobalSection(ProjectConfigurationPlatforms) = postSolution
		{53615B94-9866-4148-8060-6889EA44356E}.Debug|Any CPU.ActiveCfg = Debug|Any CPU
		{53615B94-9866-4148-8060-6889EA44356E}.Debug|Any CPU.Build.0 = Debug|Any CPU
		{53615B94-9866-4148-8060-6889EA44356E}.Release|Any CPU.ActiveCfg = Release|Any CPU
		{53615B94-9866-4148-8060-6889EA44356E}.Release|Any CPU.Build.0 = Release|Any CPU
		{82AF8275-3799-4407-8DF6-742A29BB308F}.Debug|Any CPU.ActiveCfg = Debug|Any CPU
		{82AF8275-3799-4407-8DF6-742A29BB308F}.Debug|Any CPU.Build.0 = Debug|Any CPU
		{82AF8275-3799-4407-8DF6-742A29BB308F}.Release|Any CPU.ActiveCfg = Release|Any CPU
		{82AF8275-3799-4407-8DF6-742A29BB308F}.Release|Any CPU.Build.0 = Release|Any CPU
	EndGlobalSection
	GlobalSection(SolutionProperties) = preSolution
		HideSolutionNode = FALSE
	EndGlobalSection
	GlobalSection(ExtensibilityGlobals) = postSolution
		SolutionGuid = {6DF53913-3040-46DD-AB9D-41388F73F2D9}
	EndGlobalSection
EndGlobal
